
Microsoft Visual Studio Solution File, Format Version 12.00
# Visual Studio Version 17
VisualStudioVersion = 17.14.36414.22
MinimumVisualStudioVersion = 10.0.40219.1
Project("{FAE04EC0-301F-11D3-BF4B-00C04F79EFBC}") = "Contact Management system", "Contact Management system.csproj", "{7AF4DE15-FD48-46C7-BF3B-1DFDF28F62E3}"
EndProject
Project("{FAE04EC0-301F-11D3-BF4B-00C04F79EFBC}") = "Contact Management system.Tests", "..\Contact Management system.Tests\Contact Management system.Tests.csproj", "{0AFDD9A6-346C-46B7-A9D7-8A72437FF624}"
EndProject
Global
	GlobalSection(SolutionConfigurationPlatforms) = preSolution
		Debug|Any CPU = Debug|Any CPU
		Release|Any CPU = Release|Any CPU
	EndGlobalSection
	GlobalSection(ProjectConfigurationPlatforms) = postSolution
		{7AF4DE15-FD48-46C7-BF3B-1DFDF28F62E3}.Debug|Any CPU.ActiveCfg = Debug|Any CPU
		{7AF4DE15-FD48-46C7-BF3B-1DFDF28F62E3}.Debug|Any CPU.Build.0 = Debug|Any CPU
		{7AF4DE15-FD48-46C7-BF3B-1DFDF28F62E3}.Release|Any CPU.ActiveCfg = Release|Any CPU
		{7AF4DE15-FD48-46C7-BF3B-1DFDF28F62E3}.Release|Any CPU.Build.0 = Release|Any CPU
		{0AFDD9A6-346C-46B7-A9D7-8A72437FF624}.Debug|Any CPU.ActiveCfg = Debug|Any CPU
		{0AFDD9A6-346C-46B7-A9D7-8A72437FF624}.Debug|Any CPU.Build.0 = Debug|Any CPU
		{0AFDD9A6-346C-46B7-A9D7-8A72437FF624}.Release|Any CPU.ActiveCfg = Release|Any CPU
		{0AFDD9A6-346C-46B7-A9D7-8A72437FF624}.Release|Any CPU.Build.0 = Release|Any CPU
	EndGlobalSection
	GlobalSection(SolutionProperties) = preSolution
		HideSolutionNode = FALSE
	EndGlobalSection
	GlobalSection(ExtensibilityGlobals) = postSolution
		SolutionGuid = {EDD2C29F-5298-4E7D-B1E4-8AAE435FFBB3}
	EndGlobalSection
EndGlobal
